
Microsoft Visual Studio Solution File, Format Version 12.00
# Visual Studio 2013
VisualStudioVersion = 12.0.21005.1
MinimumVisualStudioVersion = 10.0.40219.1
Project("{FAE04EC0-301F-11D3-BF4B-00C04F79EFBC}") = "WebService", "WebService\WebService.csproj", "{5667FE98-EF26-46F9-AC7A-0F56E96B3E62}"
EndProject
Project("{FAE04EC0-301F-11D3-BF4B-00C04F79EFBC}") = "DAL", "DAL\DAL.csproj", "{80D17296-1EE5-49A1-9BDD-B30F9199D060}"
EndProject
Project("{FAE04EC0-301F-11D3-BF4B-00C04F79EFBC}") = "BLL", "DLL\BLL.csproj", "{C32BEBB7-BC81-44EF-9060-F3815A4EA75B}"
EndProject
<<<<<<< HEAD
Project("{FAE04EC0-301F-11D3-BF4B-00C04F79EFBC}") = "BDD", "BDD\BDD.csproj", "{919C4C5F-5D4C-4108-ABEE-8EC4563DE4A3}"
=======
Project("{FAE04EC0-301F-11D3-BF4B-00C04F79EFBC}") = "IHMASP_Acceuil", "IHMASP_Acceuil\IHMASP_Acceuil.csproj", "{0A4D82A0-309E-4169-8286-3730E1EEDB73}"
EndProject
Project("{FAE04EC0-301F-11D3-BF4B-00C04F79EFBC}") = "IHMASP_Piste", "IHMASP_Piste\IHMASP_Piste.csproj", "{D9193539-664F-4218-9A41-6927B09F1307}"
>>>>>>> 3c6339f8bf81534871d8c1e801cfd1b2d1d3aaf6
EndProject
Global
	GlobalSection(SolutionConfigurationPlatforms) = preSolution
		Debug|Any CPU = Debug|Any CPU
		Release|Any CPU = Release|Any CPU
	EndGlobalSection
	GlobalSection(ProjectConfigurationPlatforms) = postSolution
		{5667FE98-EF26-46F9-AC7A-0F56E96B3E62}.Debug|Any CPU.ActiveCfg = Debug|Any CPU
		{5667FE98-EF26-46F9-AC7A-0F56E96B3E62}.Debug|Any CPU.Build.0 = Debug|Any CPU
		{5667FE98-EF26-46F9-AC7A-0F56E96B3E62}.Release|Any CPU.ActiveCfg = Release|Any CPU
		{5667FE98-EF26-46F9-AC7A-0F56E96B3E62}.Release|Any CPU.Build.0 = Release|Any CPU
		{80D17296-1EE5-49A1-9BDD-B30F9199D060}.Debug|Any CPU.ActiveCfg = Debug|Any CPU
		{80D17296-1EE5-49A1-9BDD-B30F9199D060}.Debug|Any CPU.Build.0 = Debug|Any CPU
		{80D17296-1EE5-49A1-9BDD-B30F9199D060}.Release|Any CPU.ActiveCfg = Release|Any CPU
		{80D17296-1EE5-49A1-9BDD-B30F9199D060}.Release|Any CPU.Build.0 = Release|Any CPU
		{C32BEBB7-BC81-44EF-9060-F3815A4EA75B}.Debug|Any CPU.ActiveCfg = Debug|Any CPU
		{C32BEBB7-BC81-44EF-9060-F3815A4EA75B}.Debug|Any CPU.Build.0 = Debug|Any CPU
		{C32BEBB7-BC81-44EF-9060-F3815A4EA75B}.Release|Any CPU.ActiveCfg = Release|Any CPU
		{C32BEBB7-BC81-44EF-9060-F3815A4EA75B}.Release|Any CPU.Build.0 = Release|Any CPU
<<<<<<< HEAD
		{919C4C5F-5D4C-4108-ABEE-8EC4563DE4A3}.Debug|Any CPU.ActiveCfg = Debug|Any CPU
		{919C4C5F-5D4C-4108-ABEE-8EC4563DE4A3}.Debug|Any CPU.Build.0 = Debug|Any CPU
		{919C4C5F-5D4C-4108-ABEE-8EC4563DE4A3}.Release|Any CPU.ActiveCfg = Release|Any CPU
		{919C4C5F-5D4C-4108-ABEE-8EC4563DE4A3}.Release|Any CPU.Build.0 = Release|Any CPU
=======
		{0A4D82A0-309E-4169-8286-3730E1EEDB73}.Debug|Any CPU.ActiveCfg = Debug|Any CPU
		{0A4D82A0-309E-4169-8286-3730E1EEDB73}.Debug|Any CPU.Build.0 = Debug|Any CPU
		{0A4D82A0-309E-4169-8286-3730E1EEDB73}.Release|Any CPU.ActiveCfg = Release|Any CPU
		{0A4D82A0-309E-4169-8286-3730E1EEDB73}.Release|Any CPU.Build.0 = Release|Any CPU
		{D9193539-664F-4218-9A41-6927B09F1307}.Debug|Any CPU.ActiveCfg = Debug|Any CPU
		{D9193539-664F-4218-9A41-6927B09F1307}.Debug|Any CPU.Build.0 = Debug|Any CPU
		{D9193539-664F-4218-9A41-6927B09F1307}.Release|Any CPU.ActiveCfg = Release|Any CPU
		{D9193539-664F-4218-9A41-6927B09F1307}.Release|Any CPU.Build.0 = Release|Any CPU
>>>>>>> 3c6339f8bf81534871d8c1e801cfd1b2d1d3aaf6
	EndGlobalSection
	GlobalSection(SolutionProperties) = preSolution
		HideSolutionNode = FALSE
	EndGlobalSection
EndGlobal
